
Microsoft Visual Studio Solution File, Format Version 12.00
# Visual Studio Version 16
VisualStudioVersion = 16.0.30011.22
MinimumVisualStudioVersion = 10.0.40219.1
Project("{FAE04EC0-301F-11D3-BF4B-00C04F79EFBC}") = "Tom.ConvertNumbers", "Tom.ConvertNumbers\Tom.ConvertNumbers.csproj", "{DD2A6A87-29F0-4C2A-8204-49EF666D215E}"
EndProject
Global
	GlobalSection(SolutionConfigurationPlatforms) = preSolution
		Debug|Any CPU = Debug|Any CPU
		Release|Any CPU = Release|Any CPU
	EndGlobalSection
	GlobalSection(ProjectConfigurationPlatforms) = postSolution
		{DD2A6A87-29F0-4C2A-8204-49EF666D215E}.Debug|Any CPU.ActiveCfg = Debug|Any CPU
		{DD2A6A87-29F0-4C2A-8204-49EF666D215E}.Debug|Any CPU.Build.0 = Debug|Any CPU
		{DD2A6A87-29F0-4C2A-8204-49EF666D215E}.Release|Any CPU.ActiveCfg = Release|Any CPU
		{DD2A6A87-29F0-4C2A-8204-49EF666D215E}.Release|Any CPU.Build.0 = Release|Any CPU
	EndGlobalSection
	GlobalSection(SolutionProperties) = preSolution
		HideSolutionNode = FALSE
	EndGlobalSection
	GlobalSection(ExtensibilityGlobals) = postSolution
		SolutionGuid = {8E20C8D0-080C-450D-985E-909818B95D03}
	EndGlobalSection
EndGlobal
